{
  "name": "zweb-api-service",
  "version": "0.1.0",
  "lockfileVersion": 3,
  "requires": true,
  "packages": {
    "": {
      "name": "zweb-api-service",
      "version": "0.1.0",
      "dependencies": {
        "node-firebird": "^2.14.4"
      }
    },
    "node_modules/node-firebird": {
      "version": "2.14.4",
      "resolved": "https://registry.npmjs.org/node-firebird/-/node-firebird-2.14.4.tgz",
      "integrity": "sha512-zeA/sJjiyqc2TFD4Hn9JTo96Qp/DU/fCibps09DLRumNjltI7CKF6v7Hj90+X5wxccQ+68mXvJdU85Q35PitNg==",
      "license": "MPL-2.0"
    }
  }
}
